
Microsoft Visual Studio Solution File, Format Version 12.00
# Visual Studio Version 17
VisualStudioVersion = 17.5.33530.505
MinimumVisualStudioVersion = 10.0.40219.1
Project("{FAE04EC0-301F-11D3-BF4B-00C04F79EFBC}") = "ApiTiendaLibros", "ApiTiendaLibros\ApiTiendaLibros.csproj", "{56CCF9BC-0CE0-4627-BED8-04CCCE817EF4}"
EndProject
Project("{FAE04EC0-301F-11D3-BF4B-00C04F79EFBC}") = "Core", "Core\Core.csproj", "{B2BD6A80-702E-48D8-826A-AA06710FDDE6}"
EndProject
Project("{FAE04EC0-301F-11D3-BF4B-00C04F79EFBC}") = "Infraestructura", "Infraestructura\Infraestructura.csproj", "{3DAF2AA0-42D2-4400-804D-9C6F92E0F683}"
EndProject
Global
	GlobalSection(SolutionConfigurationPlatforms) = preSolution
		Debug|Any CPU = Debug|Any CPU
		Release|Any CPU = Release|Any CPU
	EndGlobalSection
	GlobalSection(ProjectConfigurationPlatforms) = postSolution
		{56CCF9BC-0CE0-4627-BED8-04CCCE817EF4}.Debug|Any CPU.ActiveCfg = Debug|Any CPU
		{56CCF9BC-0CE0-4627-BED8-04CCCE817EF4}.Debug|Any CPU.Build.0 = Debug|Any CPU
		{56CCF9BC-0CE0-4627-BED8-04CCCE817EF4}.Release|Any CPU.ActiveCfg = Release|Any CPU
		{56CCF9BC-0CE0-4627-BED8-04CCCE817EF4}.Release|Any CPU.Build.0 = Release|Any CPU
		{B2BD6A80-702E-48D8-826A-AA06710FDDE6}.Debug|Any CPU.ActiveCfg = Debug|Any CPU
		{B2BD6A80-702E-48D8-826A-AA06710FDDE6}.Debug|Any CPU.Build.0 = Debug|Any CPU
		{B2BD6A80-702E-48D8-826A-AA06710FDDE6}.Release|Any CPU.ActiveCfg = Release|Any CPU
		{B2BD6A80-702E-48D8-826A-AA06710FDDE6}.Release|Any CPU.Build.0 = Release|Any CPU
		{3DAF2AA0-42D2-4400-804D-9C6F92E0F683}.Debug|Any CPU.ActiveCfg = Debug|Any CPU
		{3DAF2AA0-42D2-4400-804D-9C6F92E0F683}.Debug|Any CPU.Build.0 = Debug|Any CPU
		{3DAF2AA0-42D2-4400-804D-9C6F92E0F683}.Release|Any CPU.ActiveCfg = Release|Any CPU
		{3DAF2AA0-42D2-4400-804D-9C6F92E0F683}.Release|Any CPU.Build.0 = Release|Any CPU
	EndGlobalSection
	GlobalSection(SolutionProperties) = preSolution
		HideSolutionNode = FALSE
	EndGlobalSection
	GlobalSection(ExtensibilityGlobals) = postSolution
		SolutionGuid = {F00F45C9-3A08-4EE1-BE21-82A17E0E265E}
	EndGlobalSection
EndGlobal
